// !$*UTF8*$!
{
	archiveVersion = 1;
	classes = {
	};
	objectVersion = 50;
	objects = {

/* Begin PBXBuildFile section */
		EE402E892106524D000AFF55 /* MainScreenViewController.swift in Sources */ = {isa = PBXBuildFile; fileRef = EE402E872106524D000AFF55 /* MainScreenViewController.swift */; };
		EE402E8A2106524D000AFF55 /* MainScreenViewController.xib in Resources */ = {isa = PBXBuildFile; fileRef = EE402E882106524D000AFF55 /* MainScreenViewController.xib */; };
		EEF0318121060F9D00693D56 /* AppDelegate.swift in Sources */ = {isa = PBXBuildFile; fileRef = EEF0318021060F9D00693D56 /* AppDelegate.swift */; };
		EEF0318821060F9F00693D56 /* Assets.xcassets in Resources */ = {isa = PBXBuildFile; fileRef = EEF0318721060F9F00693D56 /* Assets.xcassets */; };
		EEF0318B21060F9F00693D56 /* LaunchScreen.storyboard in Resources */ = {isa = PBXBuildFile; fileRef = EEF0318921060F9F00693D56 /* LaunchScreen.storyboard */; };
		EEF0319321060FF100693D56 /* AppCoordinator.swift in Sources */ = {isa = PBXBuildFile; fileRef = EEF0319221060FF100693D56 /* AppCoordinator.swift */; };
		EEF031962106118A00693D56 /* ContainerViewController.swift in Sources */ = {isa = PBXBuildFile; fileRef = EEF031942106118A00693D56 /* ContainerViewController.swift */; };
		EEF031972106118A00693D56 /* ContainerViewController.xib in Resources */ = {isa = PBXBuildFile; fileRef = EEF031952106118A00693D56 /* ContainerViewController.xib */; };
/* End PBXBuildFile section */

/* Begin PBXFileReference section */
		EE402E872106524D000AFF55 /* MainScreenViewController.swift */ = {isa = PBXFileReference; lastKnownFileType = sourcecode.swift; path = MainScreenViewController.swift; sourceTree = "<group>"; };
		EE402E882106524D000AFF55 /* MainScreenViewController.xib */ = {isa = PBXFileReference; lastKnownFileType = file.xib; path = MainScreenViewController.xib; sourceTree = "<group>"; };
		EEF0317D21060F9D00693D56 /* ContainerCoordinator.app */ = {isa = PBXFileReference; explicitFileType = wrapper.application; includeInIndex = 0; path = ContainerCoordinator.app; sourceTree = BUILT_PRODUCTS_DIR; };
		EEF0318021060F9D00693D56 /* AppDelegate.swift */ = {isa = PBXFileReference; lastKnownFileType = sourcecode.swift; path = AppDelegate.swift; sourceTree = "<group>"; };
		EEF0318721060F9F00693D56 /* Assets.xcassets */ = {isa = PBXFileReference; lastKnownFileType = folder.assetcatalog; path = Assets.xcassets; sourceTree = "<group>"; };
		EEF0318A21060F9F00693D56 /* Base */ = {isa = PBXFileReference; lastKnownFileType = file.storyboard; name = Base; path = Base.lproj/LaunchScreen.storyboard; sourceTree = "<group>"; };
		EEF0318C21060F9F00693D56 /* Info.plist */ = {isa = PBXFileReference; lastKnownFileType = text.plist.xml; path = Info.plist; sourceTree = "<group>"; };
		EEF0319221060FF100693D56 /* AppCoordinator.swift */ = {isa = PBXFileReference; lastKnownFileType = sourcecode.swift; path = AppCoordinator.swift; sourceTree = "<group>"; };
		EEF031942106118A00693D56 /* ContainerViewController.swift */ = {isa = PBXFileReference; lastKnownFileType = sourcecode.swift; path = ContainerViewController.swift; sourceTree = "<group>"; };
		EEF031952106118A00693D56 /* ContainerViewController.xib */ = {isa = PBXFileReference; lastKnownFileType = file.xib; path = ContainerViewController.xib; sourceTree = "<group>"; };
/* End PBXFileReference section */

/* Begin PBXFrameworksBuildPhase section */
		EEF0317A21060F9D00693D56 /* Frameworks */ = {
			isa = PBXFrameworksBuildPhase;
			buildActionMask = 2147483647;
			files = (
			);
			runOnlyForDeploymentPostprocessing = 0;
		};
/* End PBXFrameworksBuildPhase section */

/* Begin PBXGroup section */
		EEF0317421060F9D00693D56 = {
			isa = PBXGroup;
			children = (
				EEF0317F21060F9D00693D56 /* ContainerCoordinator */,
				EEF0317E21060F9D00693D56 /* Products */,
			);
			sourceTree = "<group>";
		};
		EEF0317E21060F9D00693D56 /* Products */ = {
			isa = PBXGroup;
			children = (
				EEF0317D21060F9D00693D56 /* ContainerCoordinator.app */,
			);
			name = Products;
			sourceTree = "<group>";
		};
		EEF0317F21060F9D00693D56 /* ContainerCoordinator */ = {
			isa = PBXGroup;
			children = (
				EEF0318021060F9D00693D56 /* AppDelegate.swift */,
				EEF0319221060FF100693D56 /* AppCoordinator.swift */,
				EEF0318721060F9F00693D56 /* Assets.xcassets */,
				EEF0318921060F9F00693D56 /* LaunchScreen.storyboard */,
				EEF0318C21060F9F00693D56 /* Info.plist */,
				EEF031942106118A00693D56 /* ContainerViewController.swift */,
				EEF031952106118A00693D56 /* ContainerViewController.xib */,
				EE402E872106524D000AFF55 /* MainScreenViewController.swift */,
				EE402E882106524D000AFF55 /* MainScreenViewController.xib */,
			);
			path = ContainerCoordinator;
			sourceTree = "<group>";
		};
/* End PBXGroup section */

/* Begin PBXNativeTarget section */
		EEF0317C21060F9D00693D56 /* ContainerCoordinator */ = {
			isa = PBXNativeTarget;
			buildConfigurationList = EEF0318F21060F9F00693D56 /* Build configuration list for PBXNativeTarget "ContainerCoordinator" */;
			buildPhases = (
				EEF0317921060F9D00693D56 /* Sources */,
				EEF0317A21060F9D00693D56 /* Frameworks */,
				EEF0317B21060F9D00693D56 /* Resources */,
			);
			buildRules = (
			);
			dependencies = (
			);
			name = ContainerCoordinator;
			productName = ContainerCoordinator;
			productReference = EEF0317D21060F9D00693D56 /* ContainerCoordinator.app */;
			productType = "com.apple.product-type.application";
		};
/* End PBXNativeTarget section */

/* Begin PBXProject section */
		EEF0317521060F9D00693D56 /* Project object */ = {
			isa = PBXProject;
			attributes = {
				LastSwiftUpdateCheck = 0940;
				LastUpgradeCheck = 0940;
				ORGANIZATIONNAME = CM;
				TargetAttributes = {
					EEF0317C21060F9D00693D56 = {
						CreatedOnToolsVersion = 9.4.1;
					};
				};
			};
			buildConfigurationList = EEF0317821060F9D00693D56 /* Build configuration list for PBXProject "ContainerCoordinator" */;
			compatibilityVersion = "Xcode 9.3";
			developmentRegion = en;
			hasScannedForEncodings = 0;
			knownRegions = (
				en,
				Base,
			);
			mainGroup = EEF0317421060F9D00693D56;
			productRefGroup = EEF0317E21060F9D00693D56 /* Products */;
			projectDirPath = "";
			projectRoot = "";
			targets = (
				EEF0317C21060F9D00693D56 /* ContainerCoordinator */,
			);
		};
/* End PBXProject section */

/* Begin PBXResourcesBuildPhase section */
		EEF0317B21060F9D00693D56 /* Resources */ = {
			isa = PBXResourcesBuildPhase;
			buildActionMask = 2147483647;
			files = (
				EEF0318B21060F9F00693D56 /* LaunchScreen.storyboard in Resources */,
				EE402E8A2106524D000AFF55 /* MainScreenViewController.xib in Resources */,
				EEF0318821060F9F00693D56 /* Assets.xcassets in Resources */,
				EEF031972106118A00693D56 /* ContainerViewController.xib in Resources */,
			);
			runOnlyForDeploymentPostprocessing = 0;
		};
/* End PBXResourcesBuildPhase section */

/* Begin PBXSourcesBuildPhase section */
		EEF0317921060F9D00693D56 /* Sources */ = {
			isa = PBXSourcesBuildPhase;
			buildActionMask = 2147483647;
			files = (
				EEF0319321060FF100693D56 /* AppCoordinator.swift in Sources */,
				EE402E892106524D000AFF55 /* MainScreenViewController.swift in Sources */,
				EEF031962106118A00693D56 /* ContainerViewController.swift in Sources */,
				EEF0318121060F9D00693D56 /* AppDelegate.swift in Sources */,
			);
			runOnlyForDeploymentPostprocessing = 0;
		};
/* End PBXSourcesBuildPhase section */

/* Begin PBXVariantGroup section */
		EEF0318921060F9F00693D56 /* LaunchScreen.storyboard */ = {
			isa = PBXVariantGroup;
			children = (
				EEF0318A21060F9F00693D56 /* Base */,
			);
			name = LaunchScreen.storyboard;
			sourceTree = "<group>";
		};
/* End PBXVariantGroup section */

/* Begin XCBuildConfiguration section */
		EEF0318D21060F9F00693D56 /* Debug */ = {
			isa = XCBuildConfiguration;
			buildSettings = {
				ALWAYS_SEARCH_USER_PATHS = NO;
				CLANG_ANALYZER_NONNULL = YES;
				CLANG_ANALYZER_NUMBER_OBJECT_CONVERSION = YES_AGGRESSIVE;
				CLANG_CXX_LANGUAGE_STANDARD = "gnu++14";
				CLANG_CXX_LIBRARY = "libc++";
				CLANG_ENABLE_MODULES = YES;
				CLANG_ENABLE_OBJC_ARC = YES;
				CLANG_ENABLE_OBJC_WEAK = YES;
				CLANG_WARN_BLOCK_CAPTURE_AUTORELEASING = YES;
				CLANG_WARN_BOOL_CONVERSION = YES;
				CLANG_WARN_COMMA = YES;
				CLANG_WARN_CONSTANT_CONVERSION = YES;
				CLANG_WARN_DEPRECATED_OBJC_IMPLEMENTATIONS = YES;
				CLANG_WARN_DIRECT_OBJC_ISA_USAGE = YES_ERROR;
				CLANG_WARN_DOCUMENTATION_COMMENTS = YES;
				CLANG_WARN_EMPTY_BODY = YES;
				CLANG_WARN_ENUM_CONVERSION = YES;
				CLANG_WARN_INFINITE_RECURSION = YES;
				CLANG_WARN_INT_CONVERSION = YES;
				CLANG_WARN_NON_LITERAL_NULL_CONVERSION = YES;
				CLANG_WARN_OBJC_IMPLICIT_RETAIN_SELF = YES;
				CLANG_WARN_OBJC_LITERAL_CONVERSION = YES;
				CLANG_WARN_OBJC_ROOT_CLASS = YES_ERROR;
				CLANG_WARN_RANGE_LOOP_ANALYSIS = YES;
				CLANG_WARN_STRICT_PROTOTYPES = YES;
				CLANG_WARN_SUSPICIOUS_MOVE = YES;
				CLANG_WARN_UNGUARDED_AVAILABILITY = YES_AGGRESSIVE;
				CLANG_WARN_UNREACHABLE_CODE = YES;
				CLANG_WARN__DUPLICATE_METHOD_MATCH = YES;
				CODE_SIGN_IDENTITY = "iPhone Developer";
				COPY_PHASE_STRIP = NO;
				DEBUG_INFORMATION_FORMAT = dwarf;
				ENABLE_STRICT_OBJC_MSGSEND = YES;
				ENABLE_TESTABILITY = YES;
				GCC_C_LANGUAGE_STANDARD = gnu11;
				GCC_DYNAMIC_NO_PIC = NO;
				GCC_NO_COMMON_BLOCKS = YES;
				GCC_OPTIMIZATION_LEVEL = 0;
				GCC_PREPROCESSOR_DEFINITIONS = (
					"DEBUG=1",
					"$(inherited)",
				);
				GCC_WARN_64_TO_32_BIT_CONVERSION = YES;
				GCC_WARN_ABOUT_RETURN_TYPE = YES_ERROR;
				GCC_WARN_UNDECLARED_SELECTOR = YES;
				GCC_WARN_UNINITIALIZED_AUTOS = YES_AGGRESSIVE;
				GCC_WARN_UNUSED_FUNCTION = YES;
				GCC_WARN_UNUSED_VARIABLE = YES;
				IPHONEOS_DEPLOYMENT_TARGET = 11.4;
				MTL_ENABLE_DEBUG_INFO = YES;
				ONLY_ACTIVE_ARCH = YES;
				SDKROOT = iphoneos;
				SWIFT_ACTIVE_COMPILATION_CONDITIONS = DEBUG;
				SWIFT_OPTIMIZATION_LEVEL = "-Onone";
			};
			name = Debug;
		};
		EEF0318E21060F9F00693D56 /* Release */ = {
			isa = XCBuildConfiguration;
			buildSettings = {
				ALWAYS_SEARCH_USER_PATHS = NO;
				CLANG_ANALYZER_NONNULL = YES;
				CLANG_ANALYZER_NUMBER_OBJECT_CONVERSION = YES_AGGRESSIVE;
				CLANG_CXX_LANGUAGE_STANDARD = "gnu++14";
				CLANG_CXX_LIBRARY = "libc++";
				CLANG_ENABLE_MODULES = YES;
				CLANG_ENABLE_OBJC_ARC = YES;
				CLANG_ENABLE_OBJC_WEAK = YES;
				CLANG_WARN_BLOCK_CAPTURE_AUTORELEASING = YES;
				CLANG_WARN_BOOL_CONVERSION = YES;
				CLANG_WARN_COMMA = YES;
				CLANG_WARN_CONSTANT_CONVERSION = YES;
				CLANG_WARN_DEPRECATED_OBJC_IMPLEMENTATIONS = YES;
				CLANG_WARN_DIRECT_OBJC_ISA_USAGE = YES_ERROR;
				CLANG_WARN_DOCUMENTATION_COMMENTS = YES;
				CLANG_WARN_EMPTY_BODY = YES;
				CLANG_WARN_ENUM_CONVERSION = YES;
				CLANG_WARN_INFINITE_RECURSION = YES;
				CLANG_WARN_INT_CONVERSION = YES;
				CLANG_WARN_NON_LITERAL_NULL_CONVERSION = YES;
				CLANG_WARN_OBJC_IMPLICIT_RETAIN_SELF = YES;
				CLANG_WARN_OBJC_LITERAL_CONVERSION = YES;
				CLANG_WARN_OBJC_ROOT_CLASS = YES_ERROR;
				CLANG_WARN_RANGE_LOOP_ANALYSIS = YES;
				CLANG_WARN_STRICT_PROTOTYPES = YES;
				CLANG_WARN_SUSPICIOUS_MOVE = YES;
				CLANG_WARN_UNGUARDED_AVAILABILITY = YES_AGGRESSIVE;
				CLANG_WARN_UNREACHABLE_CODE = YES;
				CLANG_WARN__DUPLICATE_METHOD_MATCH = YES;
				CODE_SIGN_IDENTITY = "iPhone Developer";
				COPY_PHASE_STRIP = NO;
				DEBUG_INFORMATION_FORMAT = "dwarf-with-dsym";
				ENABLE_NS_ASSERTIONS = NO;
				ENABLE_STRICT_OBJC_MSGSEND = YES;
				GCC_C_LANGUAGE_STANDARD = gnu11;
				GCC_NO_COMMON_BLOCKS = YES;
				GCC_WARN_64_TO_32_BIT_CONVERSION = YES;
				GCC_WARN_ABOUT_RETURN_TYPE = YES_ERROR;
				GCC_WARN_UNDECLARED_SELECTOR = YES;
				GCC_WARN_UNINITIALIZED_AUTOS = YES_AGGRESSIVE;
				GCC_WARN_UNUSED_FUNCTION = YES;
				GCC_WARN_UNUSED_VARIABLE = YES;
				IPHONEOS_DEPLOYMENT_TARGET = 11.4;
				MTL_ENABLE_DEBUG_INFO = NO;
				SDKROOT = iphoneos;
				SWIFT_COMPILATION_MODE = wholemodule;
				SWIFT_OPTIMIZATION_LEVEL = "-O";
				VALIDATE_PRODUCT = YES;
			};
			name = Release;
		};
		EEF0319021060F9F00693D56 /* Debug */ = {
			isa = XCBuildConfiguration;
			buildSettings = {
				ASSETCATALOG_COMPILER_APPICON_NAME = AppIcon;
				CODE_SIGN_STYLE = Automatic;
				DEVELOPMENT_TEAM = Z8GSNX272Z;
				INFOPLIST_FILE = ContainerCoordinator/Info.plist;
				LD_RUNPATH_SEARCH_PATHS = (
					"$(inherited)",
					"@executable_path/Frameworks",
				);
				PRODUCT_BUNDLE_IDENTIFIER = com.myerschris.ContainerCoordinator;
				PRODUCT_NAME = "$(TARGET_NAME)";
				SWIFT_VERSION = 4.0;
				TARGETED_DEVICE_FAMILY = "1,2";
			};
			name = Debug;
		};
		EEF0319121060F9F00693D56 /* Release */ = {
			isa = XCBuildConfiguration;
			buildSettings = {
				ASSETCATALOG_COMPILER_APPICON_NAME = AppIcon;
				CODE_SIGN_STYLE = Automatic;
				DEVELOPMENT_TEAM = Z8GSNX272Z;
				INFOPLIST_FILE = ContainerCoordinator/Info.plist;
				LD_RUNPATH_SEARCH_PATHS = (
					"$(inherited)",
					"@executable_path/Frameworks",
				);
				PRODUCT_BUNDLE_IDENTIFIER = com.myerschris.ContainerCoordinator;
				PRODUCT_NAME = "$(TARGET_NAME)";
				SWIFT_VERSION = 4.0;
				TARGETED_DEVICE_FAMILY = "1,2";
			};
			name = Release;
		};
/* End XCBuildConfiguration section */

/* Begin XCConfigurationList section */
		EEF0317821060F9D00693D56 /* Build configuration list for PBXProject "ContainerCoordinator" */ = {
			isa = XCConfigurationList;
			buildConfigurations = (
				EEF0318D21060F9F00693D56 /* Debug */,
				EEF0318E21060F9F00693D56 /* Release */,
			);
			defaultConfigurationIsVisible = 0;
			defaultConfigurationName = Release;
		};
		EEF0318F21060F9F00693D56 /* Build configuration list for PBXNativeTarget "ContainerCoordinator" */ = {
			isa = XCConfigurationList;
			buildConfigurations = (
				EEF0319021060F9F00693D56 /* Debug */,
				EEF0319121060F9F00693D56 /* Release */,
			);
			defaultConfigurationIsVisible = 0;
			defaultConfigurationName = Release;
		};
/* End XCConfigurationList section */
	};
	rootObject = EEF0317521060F9D00693D56 /* Project object */;
}
